
Microsoft Visual Studio Solution File, Format Version 12.00
# Visual Studio Version 17
VisualStudioVersion = 17.8.34316.72
MinimumVisualStudioVersion = 10.0.40219.1
Project("{9A19103F-16F7-4668-BE54-9A1E7A4F7556}") = "FirstCSharpProject", "FirstCSharpProject\FirstCSharpProject.csproj", "{22BB4D02-62D7-4596-A29C-6C244734E339}"
EndProject
Project("{9A19103F-16F7-4668-BE54-9A1E7A4F7556}") = "KeywordsAndIdentifiers", "KeywordsAndIdentifiers\KeywordsAndIdentifiers.csproj", "{C77CE2C3-D3B5-4C9F-A73B-9A170BCA56DA}"
EndProject
Project("{9A19103F-16F7-4668-BE54-9A1E7A4F7556}") = "Variables", "Variables\Variables.csproj", "{00FC457E-BBCF-44ED-BF2A-A142283266AF}"
EndProject
Project("{9A19103F-16F7-4668-BE54-9A1E7A4F7556}") = "Types", "Types\Types.csproj", "{38226326-5F75-4B45-AE9B-68684E9D8571}"
EndProject
Project("{9A19103F-16F7-4668-BE54-9A1E7A4F7556}") = "Operators", "Operators\Operators.csproj", "{D59E8AD5-0846-4A78-BB12-D8C579261841}"
EndProject
Project("{9A19103F-16F7-4668-BE54-9A1E7A4F7556}") = "NullableTypes", "NullableTypes\NullableTypes.csproj", "{65DE31AD-D11B-4D74-9D8B-9D809392B5EA}"
EndProject
Project("{9A19103F-16F7-4668-BE54-9A1E7A4F7556}") = "DatatypeConversion", "DatatypeConversion\DatatypeConversion.csproj", "{CC36AE3B-B2B4-443E-A476-A5E1485F09A5}"
EndProject
Project("{9A19103F-16F7-4668-BE54-9A1E7A4F7556}") = "Arrays", "Arrays\Arrays.csproj", "{A76F07F1-FAE8-4FB9-87A7-50A529AF39F5}"
EndProject
Project("{9A19103F-16F7-4668-BE54-9A1E7A4F7556}") = "ConditionalStatements", "ConditionalStatements\ConditionalStatements.csproj", "{A9006CD4-84D7-45C4-A014-C15CD0E90EE3}"
EndProject
Project("{9A19103F-16F7-4668-BE54-9A1E7A4F7556}") = "IterationStatements_WhileLoop", "IterationStatements_WhileLoop\IterationStatements_WhileLoop.csproj", "{4A274B3F-0D43-4353-AF6B-3E07761F6306}"
EndProject
Project("{9A19103F-16F7-4668-BE54-9A1E7A4F7556}") = "IterationStatements_DoWhileLoop", "IterationStatements_DoWhileLoop\IterationStatements_DoWhileLoop.csproj", "{A77BC330-BE34-4645-A7AF-8E98E60DF884}"
EndProject
Project("{FAE04EC0-301F-11D3-BF4B-00C04F79EFBC}") = "IterationStatements_ForLoop", "IterationStatements_ForLoop\IterationStatements_ForLoop.csproj", "{48AF89DC-1C0B-40F8-888A-FC8716EF442F}"
EndProject
Project("{FAE04EC0-301F-11D3-BF4B-00C04F79EFBC}") = "IterationStatements_ForeachLoop", "IterationStatements_ForeachLoop\IterationStatements_ForeachLoop.csproj", "{B228C880-1CCF-4EB0-8A6C-FB8934E42805}"
EndProject
Project("{2150E333-8FDC-42A3-9474-1A3956D46DE8}") = "String Operations", "String Operations", "{9AA4908B-20E4-4C8C-ADB7-75091983A5E7}"
EndProject
Project("{FAE04EC0-301F-11D3-BF4B-00C04F79EFBC}") = "Length", "Length\Length.csproj", "{1B829F3B-EC68-44A7-A28F-9E3FE85547C5}"
EndProject
Project("{FAE04EC0-301F-11D3-BF4B-00C04F79EFBC}") = "Substring", "Substring\Substring.csproj", "{859B77F9-942C-4C3D-A9F7-8DB81C98CF0D}"
EndProject
Project("{FAE04EC0-301F-11D3-BF4B-00C04F79EFBC}") = "IndexOf", "IndexOf\IndexOf.csproj", "{0BDC0761-F1E4-4874-8A66-25614672365A}"
EndProject
Project("{FAE04EC0-301F-11D3-BF4B-00C04F79EFBC}") = "UpperAndLowerCase", "UpperAndLowerCase\UpperAndLowerCase.csproj", "{3616615F-30D8-4354-B074-50B38F7A7B52}"
EndProject
Project("{FAE04EC0-301F-11D3-BF4B-00C04F79EFBC}") = "Replace", "Replace\Replace.csproj", "{E3A8AA71-0FA5-40BE-9B12-CEB727D526EE}"
EndProject
Project("{FAE04EC0-301F-11D3-BF4B-00C04F79EFBC}") = "Split", "Split\Split.csproj", "{792777EC-3700-470C-9091-D5BF7374ACFE}"
EndProject
Project("{FAE04EC0-301F-11D3-BF4B-00C04F79EFBC}") = "Trim", "Trim\Trim.csproj", "{2DA2544A-CA90-49C0-89FD-9321C8C1D0DE}"
EndProject
Project("{FAE04EC0-301F-11D3-BF4B-00C04F79EFBC}") = "StartsWith_EndsWith_Contains", "StartsWith_EndsWith_Contains\StartsWith_EndsWith_Contains.csproj", "{6302F3BA-B107-4E75-863F-95900F704A88}"
EndProject
Project("{2150E333-8FDC-42A3-9474-1A3956D46DE8}") = "Methods", "Methods", "{425EB673-EE13-4665-8C0B-DF85A42ABC86}"
EndProject
Project("{FAE04EC0-301F-11D3-BF4B-00C04F79EFBC}") = "Methods_Introduction", "Methods_Introduction\Methods_Introduction.csproj", "{46A9CD7B-0C31-440E-BDF8-036EC0EDDE9A}"
EndProject
Global
	GlobalSection(SolutionConfigurationPlatforms) = preSolution
		Debug|Any CPU = Debug|Any CPU
		Release|Any CPU = Release|Any CPU
	EndGlobalSection
	GlobalSection(ProjectConfigurationPlatforms) = postSolution
		{22BB4D02-62D7-4596-A29C-6C244734E339}.Debug|Any CPU.ActiveCfg = Debug|Any CPU
		{22BB4D02-62D7-4596-A29C-6C244734E339}.Debug|Any CPU.Build.0 = Debug|Any CPU
		{22BB4D02-62D7-4596-A29C-6C244734E339}.Release|Any CPU.ActiveCfg = Release|Any CPU
		{22BB4D02-62D7-4596-A29C-6C244734E339}.Release|Any CPU.Build.0 = Release|Any CPU
		{C77CE2C3-D3B5-4C9F-A73B-9A170BCA56DA}.Debug|Any CPU.ActiveCfg = Debug|Any CPU
		{C77CE2C3-D3B5-4C9F-A73B-9A170BCA56DA}.Debug|Any CPU.Build.0 = Debug|Any CPU
		{C77CE2C3-D3B5-4C9F-A73B-9A170BCA56DA}.Release|Any CPU.ActiveCfg = Release|Any CPU
		{C77CE2C3-D3B5-4C9F-A73B-9A170BCA56DA}.Release|Any CPU.Build.0 = Release|Any CPU
		{00FC457E-BBCF-44ED-BF2A-A142283266AF}.Debug|Any CPU.ActiveCfg = Debug|Any CPU
		{00FC457E-BBCF-44ED-BF2A-A142283266AF}.Debug|Any CPU.Build.0 = Debug|Any CPU
		{00FC457E-BBCF-44ED-BF2A-A142283266AF}.Release|Any CPU.ActiveCfg = Release|Any CPU
		{00FC457E-BBCF-44ED-BF2A-A142283266AF}.Release|Any CPU.Build.0 = Release|Any CPU
		{38226326-5F75-4B45-AE9B-68684E9D8571}.Debug|Any CPU.ActiveCfg = Debug|Any CPU
		{38226326-5F75-4B45-AE9B-68684E9D8571}.Debug|Any CPU.Build.0 = Debug|Any CPU
		{38226326-5F75-4B45-AE9B-68684E9D8571}.Release|Any CPU.ActiveCfg = Release|Any CPU
		{38226326-5F75-4B45-AE9B-68684E9D8571}.Release|Any CPU.Build.0 = Release|Any CPU
		{D59E8AD5-0846-4A78-BB12-D8C579261841}.Debug|Any CPU.ActiveCfg = Debug|Any CPU
		{D59E8AD5-0846-4A78-BB12-D8C579261841}.Debug|Any CPU.Build.0 = Debug|Any CPU
		{D59E8AD5-0846-4A78-BB12-D8C579261841}.Release|Any CPU.ActiveCfg = Release|Any CPU
		{D59E8AD5-0846-4A78-BB12-D8C579261841}.Release|Any CPU.Build.0 = Release|Any CPU
		{65DE31AD-D11B-4D74-9D8B-9D809392B5EA}.Debug|Any CPU.ActiveCfg = Debug|Any CPU
		{65DE31AD-D11B-4D74-9D8B-9D809392B5EA}.Debug|Any CPU.Build.0 = Debug|Any CPU
		{65DE31AD-D11B-4D74-9D8B-9D809392B5EA}.Release|Any CPU.ActiveCfg = Release|Any CPU
		{65DE31AD-D11B-4D74-9D8B-9D809392B5EA}.Release|Any CPU.Build.0 = Release|Any CPU
		{CC36AE3B-B2B4-443E-A476-A5E1485F09A5}.Debug|Any CPU.ActiveCfg = Debug|Any CPU
		{CC36AE3B-B2B4-443E-A476-A5E1485F09A5}.Debug|Any CPU.Build.0 = Debug|Any CPU
		{CC36AE3B-B2B4-443E-A476-A5E1485F09A5}.Release|Any CPU.ActiveCfg = Release|Any CPU
		{CC36AE3B-B2B4-443E-A476-A5E1485F09A5}.Release|Any CPU.Build.0 = Release|Any CPU
		{A76F07F1-FAE8-4FB9-87A7-50A529AF39F5}.Debug|Any CPU.ActiveCfg = Debug|Any CPU
		{A76F07F1-FAE8-4FB9-87A7-50A529AF39F5}.Debug|Any CPU.Build.0 = Debug|Any CPU
		{A76F07F1-FAE8-4FB9-87A7-50A529AF39F5}.Release|Any CPU.ActiveCfg = Release|Any CPU
		{A76F07F1-FAE8-4FB9-87A7-50A529AF39F5}.Release|Any CPU.Build.0 = Release|Any CPU
		{A9006CD4-84D7-45C4-A014-C15CD0E90EE3}.Debug|Any CPU.ActiveCfg = Debug|Any CPU
		{A9006CD4-84D7-45C4-A014-C15CD0E90EE3}.Debug|Any CPU.Build.0 = Debug|Any CPU
		{A9006CD4-84D7-45C4-A014-C15CD0E90EE3}.Release|Any CPU.ActiveCfg = Release|Any CPU
		{A9006CD4-84D7-45C4-A014-C15CD0E90EE3}.Release|Any CPU.Build.0 = Release|Any CPU
		{4A274B3F-0D43-4353-AF6B-3E07761F6306}.Debug|Any CPU.ActiveCfg = Debug|Any CPU
		{4A274B3F-0D43-4353-AF6B-3E07761F6306}.Debug|Any CPU.Build.0 = Debug|Any CPU
		{4A274B3F-0D43-4353-AF6B-3E07761F6306}.Release|Any CPU.ActiveCfg = Release|Any CPU
		{4A274B3F-0D43-4353-AF6B-3E07761F6306}.Release|Any CPU.Build.0 = Release|Any CPU
		{A77BC330-BE34-4645-A7AF-8E98E60DF884}.Debug|Any CPU.ActiveCfg = Debug|Any CPU
		{A77BC330-BE34-4645-A7AF-8E98E60DF884}.Debug|Any CPU.Build.0 = Debug|Any CPU
		{A77BC330-BE34-4645-A7AF-8E98E60DF884}.Release|Any CPU.ActiveCfg = Release|Any CPU
		{A77BC330-BE34-4645-A7AF-8E98E60DF884}.Release|Any CPU.Build.0 = Release|Any CPU
		{48AF89DC-1C0B-40F8-888A-FC8716EF442F}.Debug|Any CPU.ActiveCfg = Debug|Any CPU
		{48AF89DC-1C0B-40F8-888A-FC8716EF442F}.Debug|Any CPU.Build.0 = Debug|Any CPU
		{48AF89DC-1C0B-40F8-888A-FC8716EF442F}.Release|Any CPU.ActiveCfg = Release|Any CPU
		{48AF89DC-1C0B-40F8-888A-FC8716EF442F}.Release|Any CPU.Build.0 = Release|Any CPU
		{B228C880-1CCF-4EB0-8A6C-FB8934E42805}.Debug|Any CPU.ActiveCfg = Debug|Any CPU
		{B228C880-1CCF-4EB0-8A6C-FB8934E42805}.Debug|Any CPU.Build.0 = Debug|Any CPU
		{B228C880-1CCF-4EB0-8A6C-FB8934E42805}.Release|Any CPU.ActiveCfg = Release|Any CPU
		{B228C880-1CCF-4EB0-8A6C-FB8934E42805}.Release|Any CPU.Build.0 = Release|Any CPU
		{1B829F3B-EC68-44A7-A28F-9E3FE85547C5}.Debug|Any CPU.ActiveCfg = Debug|Any CPU
		{1B829F3B-EC68-44A7-A28F-9E3FE85547C5}.Debug|Any CPU.Build.0 = Debug|Any CPU
		{1B829F3B-EC68-44A7-A28F-9E3FE85547C5}.Release|Any CPU.ActiveCfg = Release|Any CPU
		{1B829F3B-EC68-44A7-A28F-9E3FE85547C5}.Release|Any CPU.Build.0 = Release|Any CPU
		{859B77F9-942C-4C3D-A9F7-8DB81C98CF0D}.Debug|Any CPU.ActiveCfg = Debug|Any CPU
		{859B77F9-942C-4C3D-A9F7-8DB81C98CF0D}.Debug|Any CPU.Build.0 = Debug|Any CPU
		{859B77F9-942C-4C3D-A9F7-8DB81C98CF0D}.Release|Any CPU.ActiveCfg = Release|Any CPU
		{859B77F9-942C-4C3D-A9F7-8DB81C98CF0D}.Release|Any CPU.Build.0 = Release|Any CPU
		{0BDC0761-F1E4-4874-8A66-25614672365A}.Debug|Any CPU.ActiveCfg = Debug|Any CPU
		{0BDC0761-F1E4-4874-8A66-25614672365A}.Debug|Any CPU.Build.0 = Debug|Any CPU
		{0BDC0761-F1E4-4874-8A66-25614672365A}.Release|Any CPU.ActiveCfg = Release|Any CPU
		{0BDC0761-F1E4-4874-8A66-25614672365A}.Release|Any CPU.Build.0 = Release|Any CPU
		{3616615F-30D8-4354-B074-50B38F7A7B52}.Debug|Any CPU.ActiveCfg = Debug|Any CPU
		{3616615F-30D8-4354-B074-50B38F7A7B52}.Debug|Any CPU.Build.0 = Debug|Any CPU
		{3616615F-30D8-4354-B074-50B38F7A7B52}.Release|Any CPU.ActiveCfg = Release|Any CPU
		{3616615F-30D8-4354-B074-50B38F7A7B52}.Release|Any CPU.Build.0 = Release|Any CPU
		{E3A8AA71-0FA5-40BE-9B12-CEB727D526EE}.Debug|Any CPU.ActiveCfg = Debug|Any CPU
		{E3A8AA71-0FA5-40BE-9B12-CEB727D526EE}.Debug|Any CPU.Build.0 = Debug|Any CPU
		{E3A8AA71-0FA5-40BE-9B12-CEB727D526EE}.Release|Any CPU.ActiveCfg = Release|Any CPU
		{E3A8AA71-0FA5-40BE-9B12-CEB727D526EE}.Release|Any CPU.Build.0 = Release|Any CPU
		{792777EC-3700-470C-9091-D5BF7374ACFE}.Debug|Any CPU.ActiveCfg = Debug|Any CPU
		{792777EC-3700-470C-9091-D5BF7374ACFE}.Debug|Any CPU.Build.0 = Debug|Any CPU
		{792777EC-3700-470C-9091-D5BF7374ACFE}.Release|Any CPU.ActiveCfg = Release|Any CPU
		{792777EC-3700-470C-9091-D5BF7374ACFE}.Release|Any CPU.Build.0 = Release|Any CPU
		{2DA2544A-CA90-49C0-89FD-9321C8C1D0DE}.Debug|Any CPU.ActiveCfg = Debug|Any CPU
		{2DA2544A-CA90-49C0-89FD-9321C8C1D0DE}.Debug|Any CPU.Build.0 = Debug|Any CPU
		{2DA2544A-CA90-49C0-89FD-9321C8C1D0DE}.Release|Any CPU.ActiveCfg = Release|Any CPU
		{2DA2544A-CA90-49C0-89FD-9321C8C1D0DE}.Release|Any CPU.Build.0 = Release|Any CPU
		{6302F3BA-B107-4E75-863F-95900F704A88}.Debug|Any CPU.ActiveCfg = Debug|Any CPU
		{6302F3BA-B107-4E75-863F-95900F704A88}.Debug|Any CPU.Build.0 = Debug|Any CPU
		{6302F3BA-B107-4E75-863F-95900F704A88}.Release|Any CPU.ActiveCfg = Release|Any CPU
		{6302F3BA-B107-4E75-863F-95900F704A88}.Release|Any CPU.Build.0 = Release|Any CPU
		{46A9CD7B-0C31-440E-BDF8-036EC0EDDE9A}.Debug|Any CPU.ActiveCfg = Debug|Any CPU
		{46A9CD7B-0C31-440E-BDF8-036EC0EDDE9A}.Debug|Any CPU.Build.0 = Debug|Any CPU
		{46A9CD7B-0C31-440E-BDF8-036EC0EDDE9A}.Release|Any CPU.ActiveCfg = Release|Any CPU
		{46A9CD7B-0C31-440E-BDF8-036EC0EDDE9A}.Release|Any CPU.Build.0 = Release|Any CPU
	EndGlobalSection
	GlobalSection(SolutionProperties) = preSolution
		HideSolutionNode = FALSE
	EndGlobalSection
	GlobalSection(NestedProjects) = preSolution
		{1B829F3B-EC68-44A7-A28F-9E3FE85547C5} = {9AA4908B-20E4-4C8C-ADB7-75091983A5E7}
		{859B77F9-942C-4C3D-A9F7-8DB81C98CF0D} = {9AA4908B-20E4-4C8C-ADB7-75091983A5E7}
		{0BDC0761-F1E4-4874-8A66-25614672365A} = {9AA4908B-20E4-4C8C-ADB7-75091983A5E7}
		{3616615F-30D8-4354-B074-50B38F7A7B52} = {9AA4908B-20E4-4C8C-ADB7-75091983A5E7}
		{E3A8AA71-0FA5-40BE-9B12-CEB727D526EE} = {9AA4908B-20E4-4C8C-ADB7-75091983A5E7}
		{792777EC-3700-470C-9091-D5BF7374ACFE} = {9AA4908B-20E4-4C8C-ADB7-75091983A5E7}
		{2DA2544A-CA90-49C0-89FD-9321C8C1D0DE} = {9AA4908B-20E4-4C8C-ADB7-75091983A5E7}
		{6302F3BA-B107-4E75-863F-95900F704A88} = {9AA4908B-20E4-4C8C-ADB7-75091983A5E7}
		{46A9CD7B-0C31-440E-BDF8-036EC0EDDE9A} = {425EB673-EE13-4665-8C0B-DF85A42ABC86}
	EndGlobalSection
	GlobalSection(ExtensibilityGlobals) = postSolution
		SolutionGuid = {D4464C3F-CAB0-483A-9242-5477BF9E0BAF}
	EndGlobalSection
EndGlobal
