
Microsoft Visual Studio Solution File, Format Version 12.00
# Visual Studio Version 17
VisualStudioVersion = 17.8.34316.72
MinimumVisualStudioVersion = 10.0.40219.1
Project("{FAE04EC0-301F-11D3-BF4B-00C04F79EFBC}") = "FirstCSharpProject", "FirstCSharpProject\FirstCSharpProject.csproj", "{22BB4D02-62D7-4596-A29C-6C244734E339}"
EndProject
Project("{FAE04EC0-301F-11D3-BF4B-00C04F79EFBC}") = "KeywordsAndIdentifiers", "KeywordsAndIdentifiers\KeywordsAndIdentifiers.csproj", "{C77CE2C3-D3B5-4C9F-A73B-9A170BCA56DA}"
EndProject
Project("{FAE04EC0-301F-11D3-BF4B-00C04F79EFBC}") = "Variables", "Variables\Variables.csproj", "{00FC457E-BBCF-44ED-BF2A-A142283266AF}"
EndProject
Project("{FAE04EC0-301F-11D3-BF4B-00C04F79EFBC}") = "Types", "Types\Types.csproj", "{38226326-5F75-4B45-AE9B-68684E9D8571}"
EndProject
Project("{FAE04EC0-301F-11D3-BF4B-00C04F79EFBC}") = "Operators", "Operators\Operators.csproj", "{D59E8AD5-0846-4A78-BB12-D8C579261841}"
EndProject
Project("{FAE04EC0-301F-11D3-BF4B-00C04F79EFBC}") = "NullableTypes", "NullableTypes\NullableTypes.csproj", "{65DE31AD-D11B-4D74-9D8B-9D809392B5EA}"
EndProject
Project("{FAE04EC0-301F-11D3-BF4B-00C04F79EFBC}") = "DatatypeConversion", "DatatypeConversion\DatatypeConversion.csproj", "{CC36AE3B-B2B4-443E-A476-A5E1485F09A5}"
EndProject
Project("{FAE04EC0-301F-11D3-BF4B-00C04F79EFBC}") = "Arrays", "Arrays\Arrays.csproj", "{A76F07F1-FAE8-4FB9-87A7-50A529AF39F5}"
EndProject
Project("{FAE04EC0-301F-11D3-BF4B-00C04F79EFBC}") = "ConditionalStatements", "ConditionalStatements\ConditionalStatements.csproj", "{A9006CD4-84D7-45C4-A014-C15CD0E90EE3}"
EndProject
Project("{FAE04EC0-301F-11D3-BF4B-00C04F79EFBC}") = "IterationStatements_WhileLoop", "IterationStatements_WhileLoop\IterationStatements_WhileLoop.csproj", "{4A274B3F-0D43-4353-AF6B-3E07761F6306}"
EndProject
Global
	GlobalSection(SolutionConfigurationPlatforms) = preSolution
		Debug|Any CPU = Debug|Any CPU
		Release|Any CPU = Release|Any CPU
	EndGlobalSection
	GlobalSection(ProjectConfigurationPlatforms) = postSolution
		{22BB4D02-62D7-4596-A29C-6C244734E339}.Debug|Any CPU.ActiveCfg = Debug|Any CPU
		{22BB4D02-62D7-4596-A29C-6C244734E339}.Debug|Any CPU.Build.0 = Debug|Any CPU
		{22BB4D02-62D7-4596-A29C-6C244734E339}.Release|Any CPU.ActiveCfg = Release|Any CPU
		{22BB4D02-62D7-4596-A29C-6C244734E339}.Release|Any CPU.Build.0 = Release|Any CPU
		{C77CE2C3-D3B5-4C9F-A73B-9A170BCA56DA}.Debug|Any CPU.ActiveCfg = Debug|Any CPU
		{C77CE2C3-D3B5-4C9F-A73B-9A170BCA56DA}.Debug|Any CPU.Build.0 = Debug|Any CPU
		{C77CE2C3-D3B5-4C9F-A73B-9A170BCA56DA}.Release|Any CPU.ActiveCfg = Release|Any CPU
		{C77CE2C3-D3B5-4C9F-A73B-9A170BCA56DA}.Release|Any CPU.Build.0 = Release|Any CPU
		{00FC457E-BBCF-44ED-BF2A-A142283266AF}.Debug|Any CPU.ActiveCfg = Debug|Any CPU
		{00FC457E-BBCF-44ED-BF2A-A142283266AF}.Debug|Any CPU.Build.0 = Debug|Any CPU
		{00FC457E-BBCF-44ED-BF2A-A142283266AF}.Release|Any CPU.ActiveCfg = Release|Any CPU
		{00FC457E-BBCF-44ED-BF2A-A142283266AF}.Release|Any CPU.Build.0 = Release|Any CPU
		{38226326-5F75-4B45-AE9B-68684E9D8571}.Debug|Any CPU.ActiveCfg = Debug|Any CPU
		{38226326-5F75-4B45-AE9B-68684E9D8571}.Debug|Any CPU.Build.0 = Debug|Any CPU
		{38226326-5F75-4B45-AE9B-68684E9D8571}.Release|Any CPU.ActiveCfg = Release|Any CPU
		{38226326-5F75-4B45-AE9B-68684E9D8571}.Release|Any CPU.Build.0 = Release|Any CPU
		{D59E8AD5-0846-4A78-BB12-D8C579261841}.Debug|Any CPU.ActiveCfg = Debug|Any CPU
		{D59E8AD5-0846-4A78-BB12-D8C579261841}.Debug|Any CPU.Build.0 = Debug|Any CPU
		{D59E8AD5-0846-4A78-BB12-D8C579261841}.Release|Any CPU.ActiveCfg = Release|Any CPU
		{D59E8AD5-0846-4A78-BB12-D8C579261841}.Release|Any CPU.Build.0 = Release|Any CPU
		{65DE31AD-D11B-4D74-9D8B-9D809392B5EA}.Debug|Any CPU.ActiveCfg = Debug|Any CPU
		{65DE31AD-D11B-4D74-9D8B-9D809392B5EA}.Debug|Any CPU.Build.0 = Debug|Any CPU
		{65DE31AD-D11B-4D74-9D8B-9D809392B5EA}.Release|Any CPU.ActiveCfg = Release|Any CPU
		{65DE31AD-D11B-4D74-9D8B-9D809392B5EA}.Release|Any CPU.Build.0 = Release|Any CPU
		{CC36AE3B-B2B4-443E-A476-A5E1485F09A5}.Debug|Any CPU.ActiveCfg = Debug|Any CPU
		{CC36AE3B-B2B4-443E-A476-A5E1485F09A5}.Debug|Any CPU.Build.0 = Debug|Any CPU
		{CC36AE3B-B2B4-443E-A476-A5E1485F09A5}.Release|Any CPU.ActiveCfg = Release|Any CPU
		{CC36AE3B-B2B4-443E-A476-A5E1485F09A5}.Release|Any CPU.Build.0 = Release|Any CPU
		{A76F07F1-FAE8-4FB9-87A7-50A529AF39F5}.Debug|Any CPU.ActiveCfg = Debug|Any CPU
		{A76F07F1-FAE8-4FB9-87A7-50A529AF39F5}.Debug|Any CPU.Build.0 = Debug|Any CPU
		{A76F07F1-FAE8-4FB9-87A7-50A529AF39F5}.Release|Any CPU.ActiveCfg = Release|Any CPU
		{A76F07F1-FAE8-4FB9-87A7-50A529AF39F5}.Release|Any CPU.Build.0 = Release|Any CPU
		{A9006CD4-84D7-45C4-A014-C15CD0E90EE3}.Debug|Any CPU.ActiveCfg = Debug|Any CPU
		{A9006CD4-84D7-45C4-A014-C15CD0E90EE3}.Debug|Any CPU.Build.0 = Debug|Any CPU
		{A9006CD4-84D7-45C4-A014-C15CD0E90EE3}.Release|Any CPU.ActiveCfg = Release|Any CPU
		{A9006CD4-84D7-45C4-A014-C15CD0E90EE3}.Release|Any CPU.Build.0 = Release|Any CPU
		{4A274B3F-0D43-4353-AF6B-3E07761F6306}.Debug|Any CPU.ActiveCfg = Debug|Any CPU
		{4A274B3F-0D43-4353-AF6B-3E07761F6306}.Debug|Any CPU.Build.0 = Debug|Any CPU
		{4A274B3F-0D43-4353-AF6B-3E07761F6306}.Release|Any CPU.ActiveCfg = Release|Any CPU
		{4A274B3F-0D43-4353-AF6B-3E07761F6306}.Release|Any CPU.Build.0 = Release|Any CPU
	EndGlobalSection
	GlobalSection(SolutionProperties) = preSolution
		HideSolutionNode = FALSE
	EndGlobalSection
	GlobalSection(ExtensibilityGlobals) = postSolution
		SolutionGuid = {D4464C3F-CAB0-483A-9242-5477BF9E0BAF}
	EndGlobalSection
EndGlobal
